
Microsoft Visual Studio Solution File, Format Version 12.00
# Visual Studio Version 17
VisualStudioVersion = 17.5.33516.290
MinimumVisualStudioVersion = 10.0.40219.1
Project("{FAE04EC0-301F-11D3-BF4B-00C04F79EFBC}") = "HtmlCSS_Exsample", "HtmlCSS_Exsample\HtmlCSS_Exsample.csproj", "{103DE55D-9538-4592-AE7D-3B3BCA96D9CB}"
EndProject
Global
	GlobalSection(SolutionConfigurationPlatforms) = preSolution
		Debug|Any CPU = Debug|Any CPU
		Release|Any CPU = Release|Any CPU
	EndGlobalSection
	GlobalSection(ProjectConfigurationPlatforms) = postSolution
		{103DE55D-9538-4592-AE7D-3B3BCA96D9CB}.Debug|Any CPU.ActiveCfg = Debug|Any CPU
		{103DE55D-9538-4592-AE7D-3B3BCA96D9CB}.Debug|Any CPU.Build.0 = Debug|Any CPU
		{103DE55D-9538-4592-AE7D-3B3BCA96D9CB}.Release|Any CPU.ActiveCfg = Release|Any CPU
		{103DE55D-9538-4592-AE7D-3B3BCA96D9CB}.Release|Any CPU.Build.0 = Release|Any CPU
	EndGlobalSection
	GlobalSection(SolutionProperties) = preSolution
		HideSolutionNode = FALSE
	EndGlobalSection
	GlobalSection(ExtensibilityGlobals) = postSolution
		SolutionGuid = {5E4D1036-35B1-4A5F-BADE-ADD7BF787EB4}
	EndGlobalSection
EndGlobal
